// !$*UTF8*$!
{
	archiveVersion = 1;
	classes = {
	};
	objectVersion = 50;
	objects = {

/* Begin PBXBuildFile section */
		530B0E7526E1ABE900181DB3 /* Checklist.swift in Sources */ = {isa = PBXBuildFile; fileRef = 530B0E7426E1ABE900181DB3 /* Checklist.swift */; };
		530B0E7726E1B16B00181DB3 /* ListDetailViewController.swift in Sources */ = {isa = PBXBuildFile; fileRef = 530B0E7626E1B16B00181DB3 /* ListDetailViewController.swift */; };
		53197EE926E13021007F4A78 /* AllListsViewController.swift in Sources */ = {isa = PBXBuildFile; fileRef = 53197EE826E13021007F4A78 /* AllListsViewController.swift */; };
		53B05EEF26DAE9F500DF18C5 /* AppDelegate.swift in Sources */ = {isa = PBXBuildFile; fileRef = 53B05EEE26DAE9F500DF18C5 /* AppDelegate.swift */; };
		53B05EF126DAE9F500DF18C5 /* SceneDelegate.swift in Sources */ = {isa = PBXBuildFile; fileRef = 53B05EF026DAE9F500DF18C5 /* SceneDelegate.swift */; };
		53B05EF326DAE9F500DF18C5 /* ChecklistViewController.swift in Sources */ = {isa = PBXBuildFile; fileRef = 53B05EF226DAE9F500DF18C5 /* ChecklistViewController.swift */; };
		53B05EF626DAE9F500DF18C5 /* Main.storyboard in Resources */ = {isa = PBXBuildFile; fileRef = 53B05EF426DAE9F500DF18C5 /* Main.storyboard */; };
		53B05EF826DAE9F600DF18C5 /* Assets.xcassets in Resources */ = {isa = PBXBuildFile; fileRef = 53B05EF726DAE9F600DF18C5 /* Assets.xcassets */; };
		53B05EFB26DAE9F600DF18C5 /* LaunchScreen.storyboard in Resources */ = {isa = PBXBuildFile; fileRef = 53B05EF926DAE9F600DF18C5 /* LaunchScreen.storyboard */; };
		53B05F0326DB073B00DF18C5 /* ChecklistItem.swift in Sources */ = {isa = PBXBuildFile; fileRef = 53B05F0226DB073B00DF18C5 /* ChecklistItem.swift */; };
		53B05F0526DB12EC00DF18C5 /* ItemDetailViewController.swift in Sources */ = {isa = PBXBuildFile; fileRef = 53B05F0426DB12EC00DF18C5 /* ItemDetailViewController.swift */; };
/* End PBXBuildFile section */

/* Begin PBXFileReference section */
		530B0E7426E1ABE900181DB3 /* Checklist.swift */ = {isa = PBXFileReference; lastKnownFileType = sourcecode.swift; path = Checklist.swift; sourceTree = "<group>"; };
		530B0E7626E1B16B00181DB3 /* ListDetailViewController.swift */ = {isa = PBXFileReference; lastKnownFileType = sourcecode.swift; path = ListDetailViewController.swift; sourceTree = "<group>"; };
		53197EE826E13021007F4A78 /* AllListsViewController.swift */ = {isa = PBXFileReference; lastKnownFileType = sourcecode.swift; path = AllListsViewController.swift; sourceTree = "<group>"; };
		53B05EEB26DAE9F500DF18C5 /* Checklists.app */ = {isa = PBXFileReference; explicitFileType = wrapper.application; includeInIndex = 0; path = Checklists.app; sourceTree = BUILT_PRODUCTS_DIR; };
		53B05EEE26DAE9F500DF18C5 /* AppDelegate.swift */ = {isa = PBXFileReference; lastKnownFileType = sourcecode.swift; path = AppDelegate.swift; sourceTree = "<group>"; };
		53B05EF026DAE9F500DF18C5 /* SceneDelegate.swift */ = {isa = PBXFileReference; lastKnownFileType = sourcecode.swift; path = SceneDelegate.swift; sourceTree = "<group>"; };
		53B05EF226DAE9F500DF18C5 /* ChecklistViewController.swift */ = {isa = PBXFileReference; lastKnownFileType = sourcecode.swift; path = ChecklistViewController.swift; sourceTree = "<group>"; };
		53B05EF526DAE9F500DF18C5 /* Base */ = {isa = PBXFileReference; lastKnownFileType = file.storyboard; name = Base; path = Base.lproj/Main.storyboard; sourceTree = "<group>"; };
		53B05EF726DAE9F600DF18C5 /* Assets.xcassets */ = {isa = PBXFileReference; lastKnownFileType = folder.assetcatalog; path = Assets.xcassets; sourceTree = "<group>"; };
		53B05EFA26DAE9F600DF18C5 /* Base */ = {isa = PBXFileReference; lastKnownFileType = file.storyboard; name = Base; path = Base.lproj/LaunchScreen.storyboard; sourceTree = "<group>"; };
		53B05EFC26DAE9F600DF18C5 /* Info.plist */ = {isa = PBXFileReference; lastKnownFileType = text.plist.xml; path = Info.plist; sourceTree = "<group>"; };
		53B05F0226DB073B00DF18C5 /* ChecklistItem.swift */ = {isa = PBXFileReference; lastKnownFileType = sourcecode.swift; path = ChecklistItem.swift; sourceTree = "<group>"; };
		53B05F0426DB12EC00DF18C5 /* ItemDetailViewController.swift */ = {isa = PBXFileReference; lastKnownFileType = sourcecode.swift; path = ItemDetailViewController.swift; sourceTree = "<group>"; };
/* End PBXFileReference section */

/* Begin PBXFrameworksBuildPhase section */
		53B05EE826DAE9F500DF18C5 /* Frameworks */ = {
			isa = PBXFrameworksBuildPhase;
			buildActionMask = 2147483647;
			files = (
			);
			runOnlyForDeploymentPostprocessing = 0;
		};
/* End PBXFrameworksBuildPhase section */

/* Begin PBXGroup section */
		53B05EE226DAE9F500DF18C5 = {
			isa = PBXGroup;
			children = (
				53B05EED26DAE9F500DF18C5 /* Checklists */,
				53B05EEC26DAE9F500DF18C5 /* Products */,
			);
			sourceTree = "<group>";
		};
		53B05EEC26DAE9F500DF18C5 /* Products */ = {
			isa = PBXGroup;
			children = (
				53B05EEB26DAE9F500DF18C5 /* Checklists.app */,
			);
			name = Products;
			sourceTree = "<group>";
		};
		53B05EED26DAE9F500DF18C5 /* Checklists */ = {
			isa = PBXGroup;
			children = (
				53B05EEE26DAE9F500DF18C5 /* AppDelegate.swift */,
				53B05EF026DAE9F500DF18C5 /* SceneDelegate.swift */,
				53B05EF226DAE9F500DF18C5 /* ChecklistViewController.swift */,
				53B05EF426DAE9F500DF18C5 /* Main.storyboard */,
				53B05EF726DAE9F600DF18C5 /* Assets.xcassets */,
				53B05EF926DAE9F600DF18C5 /* LaunchScreen.storyboard */,
				53B05EFC26DAE9F600DF18C5 /* Info.plist */,
				53B05F0226DB073B00DF18C5 /* ChecklistItem.swift */,
				53B05F0426DB12EC00DF18C5 /* ItemDetailViewController.swift */,
				53197EE826E13021007F4A78 /* AllListsViewController.swift */,
				530B0E7426E1ABE900181DB3 /* Checklist.swift */,
				530B0E7626E1B16B00181DB3 /* ListDetailViewController.swift */,
			);
			path = Checklists;
			sourceTree = "<group>";
		};
/* End PBXGroup section */

/* Begin PBXNativeTarget section */
		53B05EEA26DAE9F500DF18C5 /* Checklists */ = {
			isa = PBXNativeTarget;
			buildConfigurationList = 53B05EFF26DAE9F600DF18C5 /* Build configuration list for PBXNativeTarget "Checklists" */;
			buildPhases = (
				53B05EE726DAE9F500DF18C5 /* Sources */,
				53B05EE826DAE9F500DF18C5 /* Frameworks */,
				53B05EE926DAE9F500DF18C5 /* Resources */,
			);
			buildRules = (
			);
			dependencies = (
			);
			name = Checklists;
			productName = Checklists;
			productReference = 53B05EEB26DAE9F500DF18C5 /* Checklists.app */;
			productType = "com.apple.product-type.application";
		};
/* End PBXNativeTarget section */

/* Begin PBXProject section */
		53B05EE326DAE9F500DF18C5 /* Project object */ = {
			isa = PBXProject;
			attributes = {
				LastSwiftUpdateCheck = 1250;
				LastUpgradeCheck = 1250;
				TargetAttributes = {
					53B05EEA26DAE9F500DF18C5 = {
						CreatedOnToolsVersion = 12.5.1;
					};
				};
			};
			buildConfigurationList = 53B05EE626DAE9F500DF18C5 /* Build configuration list for PBXProject "Checklists" */;
			compatibilityVersion = "Xcode 9.3";
			developmentRegion = en;
			hasScannedForEncodings = 0;
			knownRegions = (
				en,
				Base,
			);
			mainGroup = 53B05EE226DAE9F500DF18C5;
			productRefGroup = 53B05EEC26DAE9F500DF18C5 /* Products */;
			projectDirPath = "";
			projectRoot = "";
			targets = (
				53B05EEA26DAE9F500DF18C5 /* Checklists */,
			);
		};
/* End PBXProject section */

/* Begin PBXResourcesBuildPhase section */
		53B05EE926DAE9F500DF18C5 /* Resources */ = {
			isa = PBXResourcesBuildPhase;
			buildActionMask = 2147483647;
			files = (
				53B05EFB26DAE9F600DF18C5 /* LaunchScreen.storyboard in Resources */,
				53B05EF826DAE9F600DF18C5 /* Assets.xcassets in Resources */,
				53B05EF626DAE9F500DF18C5 /* Main.storyboard in Resources */,
			);
			runOnlyForDeploymentPostprocessing = 0;
		};
/* End PBXResourcesBuildPhase section */

/* Begin PBXSourcesBuildPhase section */
		53B05EE726DAE9F500DF18C5 /* Sources */ = {
			isa = PBXSourcesBuildPhase;
			buildActionMask = 2147483647;
			files = (
				53B05F0526DB12EC00DF18C5 /* ItemDetailViewController.swift in Sources */,
				53B05EF326DAE9F500DF18C5 /* ChecklistViewController.swift in Sources */,
				53197EE926E13021007F4A78 /* AllListsViewController.swift in Sources */,
				53B05EEF26DAE9F500DF18C5 /* AppDelegate.swift in Sources */,
				53B05EF126DAE9F500DF18C5 /* SceneDelegate.swift in Sources */,
				53B05F0326DB073B00DF18C5 /* ChecklistItem.swift in Sources */,
				530B0E7526E1ABE900181DB3 /* Checklist.swift in Sources */,
				530B0E7726E1B16B00181DB3 /* ListDetailViewController.swift in Sources */,
			);
			runOnlyForDeploymentPostprocessing = 0;
		};
/* End PBXSourcesBuildPhase section */

/* Begin PBXVariantGroup section */
		53B05EF426DAE9F500DF18C5 /* Main.storyboard */ = {
			isa = PBXVariantGroup;
			children = (
				53B05EF526DAE9F500DF18C5 /* Base */,
			);
			name = Main.storyboard;
			sourceTree = "<group>";
		};
		53B05EF926DAE9F600DF18C5 /* LaunchScreen.storyboard */ = {
			isa = PBXVariantGroup;
			children = (
				53B05EFA26DAE9F600DF18C5 /* Base */,
			);
			name = LaunchScreen.storyboard;
			sourceTree = "<group>";
		};
/* End PBXVariantGroup section */

/* Begin XCBuildConfiguration section */
		53B05EFD26DAE9F600DF18C5 /* Debug */ = {
			isa = XCBuildConfiguration;
			buildSettings = {
				ALWAYS_SEARCH_USER_PATHS = NO;
				CLANG_ANALYZER_NONNULL = YES;
				CLANG_ANALYZER_NUMBER_OBJECT_CONVERSION = YES_AGGRESSIVE;
				CLANG_CXX_LANGUAGE_STANDARD = "gnu++14";
				CLANG_CXX_LIBRARY = "libc++";
				CLANG_ENABLE_MODULES = YES;
				CLANG_ENABLE_OBJC_ARC = YES;
				CLANG_ENABLE_OBJC_WEAK = YES;
				CLANG_WARN_BLOCK_CAPTURE_AUTORELEASING = YES;
				CLANG_WARN_BOOL_CONVERSION = YES;
				CLANG_WARN_COMMA = YES;
				CLANG_WARN_CONSTANT_CONVERSION = YES;
				CLANG_WARN_DEPRECATED_OBJC_IMPLEMENTATIONS = YES;
				CLANG_WARN_DIRECT_OBJC_ISA_USAGE = YES_ERROR;
				CLANG_WARN_DOCUMENTATION_COMMENTS = YES;
				CLANG_WARN_EMPTY_BODY = YES;
				CLANG_WARN_ENUM_CONVERSION = YES;
				CLANG_WARN_INFINITE_RECURSION = YES;
				CLANG_WARN_INT_CONVERSION = YES;
				CLANG_WARN_NON_LITERAL_NULL_CONVERSION = YES;
				CLANG_WARN_OBJC_IMPLICIT_RETAIN_SELF = YES;
				CLANG_WARN_OBJC_LITERAL_CONVERSION = YES;
				CLANG_WARN_OBJC_ROOT_CLASS = YES_ERROR;
				CLANG_WARN_QUOTED_INCLUDE_IN_FRAMEWORK_HEADER = YES;
				CLANG_WARN_RANGE_LOOP_ANALYSIS = YES;
				CLANG_WARN_STRICT_PROTOTYPES = YES;
				CLANG_WARN_SUSPICIOUS_MOVE = YES;
				CLANG_WARN_UNGUARDED_AVAILABILITY = YES_AGGRESSIVE;
				CLANG_WARN_UNREACHABLE_CODE = YES;
				CLANG_WARN__DUPLICATE_METHOD_MATCH = YES;
				COPY_PHASE_STRIP = NO;
				DEBUG_INFORMATION_FORMAT = dwarf;
				ENABLE_STRICT_OBJC_MSGSEND = YES;
				ENABLE_TESTABILITY = YES;
				GCC_C_LANGUAGE_STANDARD = gnu11;
				GCC_DYNAMIC_NO_PIC = NO;
				GCC_NO_COMMON_BLOCKS = YES;
				GCC_OPTIMIZATION_LEVEL = 0;
				GCC_PREPROCESSOR_DEFINITIONS = (
					"DEBUG=1",
					"$(inherited)",
				);
				GCC_WARN_64_TO_32_BIT_CONVERSION = YES;
				GCC_WARN_ABOUT_RETURN_TYPE = YES_ERROR;
				GCC_WARN_UNDECLARED_SELECTOR = YES;
				GCC_WARN_UNINITIALIZED_AUTOS = YES_AGGRESSIVE;
				GCC_WARN_UNUSED_FUNCTION = YES;
				GCC_WARN_UNUSED_VARIABLE = YES;
				IPHONEOS_DEPLOYMENT_TARGET = 14.5;
				MTL_ENABLE_DEBUG_INFO = INCLUDE_SOURCE;
				MTL_FAST_MATH = YES;
				ONLY_ACTIVE_ARCH = YES;
				SDKROOT = iphoneos;
				SWIFT_ACTIVE_COMPILATION_CONDITIONS = DEBUG;
				SWIFT_OPTIMIZATION_LEVEL = "-Onone";
			};
			name = Debug;
		};
		53B05EFE26DAE9F600DF18C5 /* Release */ = {
			isa = XCBuildConfiguration;
			buildSettings = {
				ALWAYS_SEARCH_USER_PATHS = NO;
				CLANG_ANALYZER_NONNULL = YES;
				CLANG_ANALYZER_NUMBER_OBJECT_CONVERSION = YES_AGGRESSIVE;
				CLANG_CXX_LANGUAGE_STANDARD = "gnu++14";
				CLANG_CXX_LIBRARY = "libc++";
				CLANG_ENABLE_MODULES = YES;
				CLANG_ENABLE_OBJC_ARC = YES;
				CLANG_ENABLE_OBJC_WEAK = YES;
				CLANG_WARN_BLOCK_CAPTURE_AUTORELEASING = YES;
				CLANG_WARN_BOOL_CONVERSION = YES;
				CLANG_WARN_COMMA = YES;
				CLANG_WARN_CONSTANT_CONVERSION = YES;
				CLANG_WARN_DEPRECATED_OBJC_IMPLEMENTATIONS = YES;
				CLANG_WARN_DIRECT_OBJC_ISA_USAGE = YES_ERROR;
				CLANG_WARN_DOCUMENTATION_COMMENTS = YES;
				CLANG_WARN_EMPTY_BODY = YES;
				CLANG_WARN_ENUM_CONVERSION = YES;
				CLANG_WARN_INFINITE_RECURSION = YES;
				CLANG_WARN_INT_CONVERSION = YES;
				CLANG_WARN_NON_LITERAL_NULL_CONVERSION = YES;
				CLANG_WARN_OBJC_IMPLICIT_RETAIN_SELF = YES;
				CLANG_WARN_OBJC_LITERAL_CONVERSION = YES;
				CLANG_WARN_OBJC_ROOT_CLASS = YES_ERROR;
				CLANG_WARN_QUOTED_INCLUDE_IN_FRAMEWORK_HEADER = YES;
				CLANG_WARN_RANGE_LOOP_ANALYSIS = YES;
				CLANG_WARN_STRICT_PROTOTYPES = YES;
				CLANG_WARN_SUSPICIOUS_MOVE = YES;
				CLANG_WARN_UNGUARDED_AVAILABILITY = YES_AGGRESSIVE;
				CLANG_WARN_UNREACHABLE_CODE = YES;
				CLANG_WARN__DUPLICATE_METHOD_MATCH = YES;
				COPY_PHASE_STRIP = NO;
				DEBUG_INFORMATION_FORMAT = "dwarf-with-dsym";
				ENABLE_NS_ASSERTIONS = NO;
				ENABLE_STRICT_OBJC_MSGSEND = YES;
				GCC_C_LANGUAGE_STANDARD = gnu11;
				GCC_NO_COMMON_BLOCKS = YES;
				GCC_WARN_64_TO_32_BIT_CONVERSION = YES;
				GCC_WARN_ABOUT_RETURN_TYPE = YES_ERROR;
				GCC_WARN_UNDECLARED_SELECTOR = YES;
				GCC_WARN_UNINITIALIZED_AUTOS = YES_AGGRESSIVE;
				GCC_WARN_UNUSED_FUNCTION = YES;
				GCC_WARN_UNUSED_VARIABLE = YES;
				IPHONEOS_DEPLOYMENT_TARGET = 14.5;
				MTL_ENABLE_DEBUG_INFO = NO;
				MTL_FAST_MATH = YES;
				SDKROOT = iphoneos;
				SWIFT_COMPILATION_MODE = wholemodule;
				SWIFT_OPTIMIZATION_LEVEL = "-O";
				VALIDATE_PRODUCT = YES;
			};
			name = Release;
		};
		53B05F0026DAE9F600DF18C5 /* Debug */ = {
			isa = XCBuildConfiguration;
			buildSettings = {
				ASSETCATALOG_COMPILER_APPICON_NAME = AppIcon;
				ASSETCATALOG_COMPILER_GLOBAL_ACCENT_COLOR_NAME = AccentColor;
				CODE_SIGN_STYLE = Automatic;
				DEVELOPMENT_TEAM = NL52ZK37W8;
				INFOPLIST_FILE = Checklists/Info.plist;
				LD_RUNPATH_SEARCH_PATHS = (
					"$(inherited)",
					"@executable_path/Frameworks",
				);
				PRODUCT_BUNDLE_IDENTIFIER = stuff.Checklists;
				PRODUCT_NAME = "$(TARGET_NAME)";
				SWIFT_VERSION = 5.0;
				TARGETED_DEVICE_FAMILY = "1,2";
			};
			name = Debug;
		};
		53B05F0126DAE9F600DF18C5 /* Release */ = {
			isa = XCBuildConfiguration;
			buildSettings = {
				ASSETCATALOG_COMPILER_APPICON_NAME = AppIcon;
				ASSETCATALOG_COMPILER_GLOBAL_ACCENT_COLOR_NAME = AccentColor;
				CODE_SIGN_STYLE = Automatic;
				DEVELOPMENT_TEAM = NL52ZK37W8;
				INFOPLIST_FILE = Checklists/Info.plist;
				LD_RUNPATH_SEARCH_PATHS = (
					"$(inherited)",
					"@executable_path/Frameworks",
				);
				PRODUCT_BUNDLE_IDENTIFIER = stuff.Checklists;
				PRODUCT_NAME = "$(TARGET_NAME)";
				SWIFT_VERSION = 5.0;
				TARGETED_DEVICE_FAMILY = "1,2";
			};
			name = Release;
		};
/* End XCBuildConfiguration section */

/* Begin XCConfigurationList section */
		53B05EE626DAE9F500DF18C5 /* Build configuration list for PBXProject "Checklists" */ = {
			isa = XCConfigurationList;
			buildConfigurations = (
				53B05EFD26DAE9F600DF18C5 /* Debug */,
				53B05EFE26DAE9F600DF18C5 /* Release */,
			);
			defaultConfigurationIsVisible = 0;
			defaultConfigurationName = Release;
		};
		53B05EFF26DAE9F600DF18C5 /* Build configuration list for PBXNativeTarget "Checklists" */ = {
			isa = XCConfigurationList;
			buildConfigurations = (
				53B05F0026DAE9F600DF18C5 /* Debug */,
				53B05F0126DAE9F600DF18C5 /* Release */,
			);
			defaultConfigurationIsVisible = 0;
			defaultConfigurationName = Release;
		};
/* End XCConfigurationList section */
	};
	rootObject = 53B05EE326DAE9F500DF18C5 /* Project object */;
}
